
Microsoft Visual Studio Solution File, Format Version 12.00
# Visual Studio Version 16
VisualStudioVersion = 16.0.31424.327
MinimumVisualStudioVersion = 10.0.40219.1
Project("{FAE04EC0-301F-11D3-BF4B-00C04F79EFBC}") = "MonenceApi", "MonenceApi\MonenceApi.csproj", "{1305FA68-A6BF-4526-A861-8DE704C7CA55}"
EndProject
Global
	GlobalSection(SolutionConfigurationPlatforms) = preSolution
		Debug|Any CPU = Debug|Any CPU
		Release|Any CPU = Release|Any CPU
	EndGlobalSection
	GlobalSection(ProjectConfigurationPlatforms) = postSolution
		{1305FA68-A6BF-4526-A861-8DE704C7CA55}.Debug|Any CPU.ActiveCfg = Debug|Any CPU
		{1305FA68-A6BF-4526-A861-8DE704C7CA55}.Debug|Any CPU.Build.0 = Debug|Any CPU
		{1305FA68-A6BF-4526-A861-8DE704C7CA55}.Release|Any CPU.ActiveCfg = Release|Any CPU
		{1305FA68-A6BF-4526-A861-8DE704C7CA55}.Release|Any CPU.Build.0 = Release|Any CPU
	EndGlobalSection
	GlobalSection(SolutionProperties) = preSolution
		HideSolutionNode = FALSE
	EndGlobalSection
	GlobalSection(ExtensibilityGlobals) = postSolution
		SolutionGuid = {A298B1D6-2771-4FD6-8299-91C68D6FF5F2}
	EndGlobalSection
EndGlobal
